
Microsoft Visual Studio Solution File, Format Version 12.00
# Visual Studio Version 17
VisualStudioVersion = 17.0.31903.59
MinimumVisualStudioVersion = 10.0.40219.1
Project("{FAE04EC0-301F-11D3-BF4B-00C04F79EFBC}") = "Trading.Core", "Trading Core\Trading.Core.csproj", "{A1B2C3D4-0001-0001-0001-000000000001}"
EndProject
Project("{FAE04EC0-301F-11D3-BF4B-00C04F79EFBC}") = "Trading.MQ", "Trading.MQ\Trading.MQ.csproj", "{A1B2C3D4-0002-0002-0002-000000000002}"
EndProject
Project("{FAE04EC0-301F-11D3-BF4B-00C04F79EFBC}") = "Trading.KX", "Trading.KX\Trading.KX.csproj", "{A1B2C3D4-0003-0003-0003-000000000003}"
EndProject
Project("{FAE04EC0-301F-11D3-BF4B-00C04F79EFBC}") = "Trading.Zerodha", "Trading.Zerodha\Trading.Zerodha.csproj", "{A1B2C3D4-0004-0004-0004-000000000004}"
EndProject
Project("{FAE04EC0-301F-11D3-BF4B-00C04F79EFBC}") = "Trading.Streamer", "Trading.Streamer\Trading.Streamer.csproj", "{A1B2C3D4-0005-0005-0005-000000000005}"
EndProject
Project("{FAE04EC0-301F-11D3-BF4B-00C04F79EFBC}") = "Trading.Tests", "Trading.Tests\Trading.Tests.csproj", "{5E7D1D22-A8E0-4607-9A13-89DABA7D8D44}"
EndProject
Project("{FAE04EC0-301F-11D3-BF4B-00C04F79EFBC}") = "Trading.Strategy", "Trading.Strategy\Trading.Strategy.csproj", "{8258D591-DF21-40EF-BCF0-2E7421702949}"
EndProject
Project("{FAE04EC0-301F-11D3-BF4B-00C04F79EFBC}") = "Trading.Backtest", "Trading.Backtest\Trading.Backtest.csproj", "{3E809586-9690-4E32-AC5D-40B489049052}"
EndProject
Global
	GlobalSection(SolutionConfigurationPlatforms) = preSolution
		Debug|Any CPU = Debug|Any CPU
		Release|Any CPU = Release|Any CPU
	EndGlobalSection
	GlobalSection(ProjectConfigurationPlatforms) = postSolution
		{A1B2C3D4-0001-0001-0001-000000000001}.Debug|Any CPU.ActiveCfg = Debug|Any CPU
		{A1B2C3D4-0001-0001-0001-000000000001}.Debug|Any CPU.Build.0 = Debug|Any CPU
		{A1B2C3D4-0001-0001-0001-000000000001}.Release|Any CPU.ActiveCfg = Release|Any CPU
		{A1B2C3D4-0001-0001-0001-000000000001}.Release|Any CPU.Build.0 = Release|Any CPU
		{A1B2C3D4-0002-0002-0002-000000000002}.Debug|Any CPU.ActiveCfg = Debug|Any CPU
		{A1B2C3D4-0002-0002-0002-000000000002}.Debug|Any CPU.Build.0 = Debug|Any CPU
		{A1B2C3D4-0002-0002-0002-000000000002}.Release|Any CPU.ActiveCfg = Release|Any CPU
		{A1B2C3D4-0002-0002-0002-000000000002}.Release|Any CPU.Build.0 = Release|Any CPU
		{A1B2C3D4-0003-0003-0003-000000000003}.Debug|Any CPU.ActiveCfg = Debug|Any CPU
		{A1B2C3D4-0003-0003-0003-000000000003}.Debug|Any CPU.Build.0 = Debug|Any CPU
		{A1B2C3D4-0003-0003-0003-000000000003}.Release|Any CPU.ActiveCfg = Release|Any CPU
		{A1B2C3D4-0003-0003-0003-000000000003}.Release|Any CPU.Build.0 = Release|Any CPU
		{A1B2C3D4-0004-0004-0004-000000000004}.Debug|Any CPU.ActiveCfg = Debug|Any CPU
		{A1B2C3D4-0004-0004-0004-000000000004}.Debug|Any CPU.Build.0 = Debug|Any CPU
		{A1B2C3D4-0004-0004-0004-000000000004}.Release|Any CPU.ActiveCfg = Release|Any CPU
		{A1B2C3D4-0004-0004-0004-000000000004}.Release|Any CPU.Build.0 = Release|Any CPU
		{A1B2C3D4-0005-0005-0005-000000000005}.Debug|Any CPU.ActiveCfg = Debug|Any CPU
		{A1B2C3D4-0005-0005-0005-000000000005}.Debug|Any CPU.Build.0 = Debug|Any CPU
		{A1B2C3D4-0005-0005-0005-000000000005}.Release|Any CPU.ActiveCfg = Release|Any CPU
		{A1B2C3D4-0005-0005-0005-000000000005}.Release|Any CPU.Build.0 = Release|Any CPU
		{5E7D1D22-A8E0-4607-9A13-89DABA7D8D44}.Debug|Any CPU.ActiveCfg = Debug|Any CPU
		{5E7D1D22-A8E0-4607-9A13-89DABA7D8D44}.Debug|Any CPU.Build.0 = Debug|Any CPU
		{5E7D1D22-A8E0-4607-9A13-89DABA7D8D44}.Release|Any CPU.ActiveCfg = Release|Any CPU
		{5E7D1D22-A8E0-4607-9A13-89DABA7D8D44}.Release|Any CPU.Build.0 = Release|Any CPU
		{8258D591-DF21-40EF-BCF0-2E7421702949}.Debug|Any CPU.ActiveCfg = Debug|Any CPU
		{8258D591-DF21-40EF-BCF0-2E7421702949}.Debug|Any CPU.Build.0 = Debug|Any CPU
		{8258D591-DF21-40EF-BCF0-2E7421702949}.Release|Any CPU.ActiveCfg = Release|Any CPU
		{8258D591-DF21-40EF-BCF0-2E7421702949}.Release|Any CPU.Build.0 = Release|Any CPU
		{3E809586-9690-4E32-AC5D-40B489049052}.Debug|Any CPU.ActiveCfg = Debug|Any CPU
		{3E809586-9690-4E32-AC5D-40B489049052}.Debug|Any CPU.Build.0 = Debug|Any CPU
		{3E809586-9690-4E32-AC5D-40B489049052}.Release|Any CPU.ActiveCfg = Release|Any CPU
		{3E809586-9690-4E32-AC5D-40B489049052}.Release|Any CPU.Build.0 = Release|Any CPU
	EndGlobalSection
EndGlobal
